
Microsoft Visual Studio Solution File, Format Version 12.00
# Visual Studio Version 17
VisualStudioVersion = 17.5.002.0
MinimumVisualStudioVersion = 10.0.40219.1
Project("{9A19103F-16F7-4668-BE54-9A1E7A4F7556}") = "ImageDecoder", "ImageDecoder.csproj", "{43B99E9B-B66F-455A-BDE2-919D0A664971}"
EndProject
Global
	GlobalSection(SolutionConfigurationPlatforms) = preSolution
		Debug|Any CPU = Debug|Any CPU
		Release|Any CPU = Release|Any CPU
	EndGlobalSection
	GlobalSection(ProjectConfigurationPlatforms) = postSolution
		{43B99E9B-B66F-455A-BDE2-919D0A664971}.Debug|Any CPU.ActiveCfg = Debug|Any CPU
		{43B99E9B-B66F-455A-BDE2-919D0A664971}.Debug|Any CPU.Build.0 = Debug|Any CPU
		{43B99E9B-B66F-455A-BDE2-919D0A664971}.Release|Any CPU.ActiveCfg = Release|Any CPU
		{43B99E9B-B66F-455A-BDE2-919D0A664971}.Release|Any CPU.Build.0 = Release|Any CPU
	EndGlobalSection
	GlobalSection(SolutionProperties) = preSolution
		HideSolutionNode = FALSE
	EndGlobalSection
	GlobalSection(ExtensibilityGlobals) = postSolution
		SolutionGuid = {4C1A24F3-484F-4A67-A0F8-E59097FC039E}
	EndGlobalSection
EndGlobal
